
Microsoft Visual Studio Solution File, Format Version 12.00
# Visual Studio Version 17
VisualStudioVersion = 17.8.34525.116
MinimumVisualStudioVersion = 10.0.40219.1
Project("{FAE04EC0-301F-11D3-BF4B-00C04F79EFBC}") = "Srudents_Marks", "Srudents_Marks\Srudents_Marks.csproj", "{58EF14B6-C9B8-410A-8C71-3447F9E40EB1}"
EndProject
Global
	GlobalSection(SolutionConfigurationPlatforms) = preSolution
		Debug|Any CPU = Debug|Any CPU
		Release|Any CPU = Release|Any CPU
	EndGlobalSection
	GlobalSection(ProjectConfigurationPlatforms) = postSolution
		{58EF14B6-C9B8-410A-8C71-3447F9E40EB1}.Debug|Any CPU.ActiveCfg = Debug|Any CPU
		{58EF14B6-C9B8-410A-8C71-3447F9E40EB1}.Debug|Any CPU.Build.0 = Debug|Any CPU
		{58EF14B6-C9B8-410A-8C71-3447F9E40EB1}.Release|Any CPU.ActiveCfg = Release|Any CPU
		{58EF14B6-C9B8-410A-8C71-3447F9E40EB1}.Release|Any CPU.Build.0 = Release|Any CPU
	EndGlobalSection
	GlobalSection(SolutionProperties) = preSolution
		HideSolutionNode = FALSE
	EndGlobalSection
	GlobalSection(ExtensibilityGlobals) = postSolution
		SolutionGuid = {ACA7A793-DA84-4C98-A27A-00796B5CFAC4}
	EndGlobalSection
EndGlobal
